{
  "version": 4,
  "terraform_version": "1.2.2",
  "serial": 10,
  "lineage": "0d5e4c77-2e41-0df2-2589-813022a06c6d",
  "outputs": {},
  "resources": [
    {
      "mode": "managed",
      "type": "docker_image",
      "name": "nodered_image",
      "provider": "provider[\"registry.terraform.io/kreuzwerker/docker\"]",
      "instances": [
        {
          "schema_version": 0,
          "attributes": {
            "build": [],
            "force_remove": null,
            "id": "sha256:91af009300c3dac600686a225a6e14a4fb3946b2397b19a6cd02f7b8686eec49nodered/node-red:latest",
            "keep_locally": null,
            "latest": "sha256:91af009300c3dac600686a225a6e14a4fb3946b2397b19a6cd02f7b8686eec49",
            "name": "nodered/node-red:latest",
            "output": null,
            "pull_trigger": null,
            "pull_triggers": null,
            "repo_digest": "nodered/node-red@sha256:e131dcadfe9297fa8f24233d7ab65b9f116439c868b01cee4c18adef9d9db0a5"
          },
          "sensitive_attributes": [],
          "private": "bnVsbA=="
        }
      ]
    }
  ]
}
